
Microsoft Visual Studio Solution File, Format Version 12.00
# Visual Studio Version 17
VisualStudioVersion = 17.2.32602.215
MinimumVisualStudioVersion = 10.0.40219.1
Project("{9A19103F-16F7-4668-BE54-9A1E7A4F7556}") = "SchoolManagement.Domain", "SchoolManagement.Domain\SchoolManagement.Domain.csproj", "{DE812DB9-BAB9-472C-AD8C-D09ECEAED971}"
EndProject
Project("{9A19103F-16F7-4668-BE54-9A1E7A4F7556}") = "SchoolManagement.Application", "SchoolManagement.Application\SchoolManagement.Application.csproj", "{BDCF7C81-7081-4A32-A4C4-08EF7F1390C4}"
EndProject
Project("{9A19103F-16F7-4668-BE54-9A1E7A4F7556}") = "SchoolManagement.CrossCutting", "SchoolManagemet.CrossCutting\SchoolManagement.CrossCutting.csproj", "{75CB7A3B-E543-4F78-85A4-4D9365D921B0}"
EndProject
Project("{9A19103F-16F7-4668-BE54-9A1E7A4F7556}") = "SchoolManagement.Infrastructure", "SchoolManagement.Infrastructure\SchoolManagement.Infrastructure.csproj", "{96A995F4-4557-4C60-80DB-9518820B06CB}"
EndProject
Project("{9A19103F-16F7-4668-BE54-9A1E7A4F7556}") = "SchoolManagement.Api", "SchoolManagement.Api\SchoolManagement.Api.csproj", "{9DFBE563-8360-4890-A543-5E414E204064}"
EndProject
Project("{FAE04EC0-301F-11D3-BF4B-00C04F79EFBC}") = "SchoolManagement.Domain.Tests", "SchoolManagement.Domain.Tests\SchoolManagement.Domain.Tests.csproj", "{91EB3D4D-1311-4033-BA85-CD5165C6EB17}"
EndProject
Global
	GlobalSection(SolutionConfigurationPlatforms) = preSolution
		Debug|Any CPU = Debug|Any CPU
		Release|Any CPU = Release|Any CPU
	EndGlobalSection
	GlobalSection(ProjectConfigurationPlatforms) = postSolution
		{DE812DB9-BAB9-472C-AD8C-D09ECEAED971}.Debug|Any CPU.ActiveCfg = Debug|Any CPU
		{DE812DB9-BAB9-472C-AD8C-D09ECEAED971}.Debug|Any CPU.Build.0 = Debug|Any CPU
		{DE812DB9-BAB9-472C-AD8C-D09ECEAED971}.Release|Any CPU.ActiveCfg = Release|Any CPU
		{DE812DB9-BAB9-472C-AD8C-D09ECEAED971}.Release|Any CPU.Build.0 = Release|Any CPU
		{BDCF7C81-7081-4A32-A4C4-08EF7F1390C4}.Debug|Any CPU.ActiveCfg = Debug|Any CPU
		{BDCF7C81-7081-4A32-A4C4-08EF7F1390C4}.Debug|Any CPU.Build.0 = Debug|Any CPU
		{BDCF7C81-7081-4A32-A4C4-08EF7F1390C4}.Release|Any CPU.ActiveCfg = Release|Any CPU
		{BDCF7C81-7081-4A32-A4C4-08EF7F1390C4}.Release|Any CPU.Build.0 = Release|Any CPU
		{75CB7A3B-E543-4F78-85A4-4D9365D921B0}.Debug|Any CPU.ActiveCfg = Debug|Any CPU
		{75CB7A3B-E543-4F78-85A4-4D9365D921B0}.Debug|Any CPU.Build.0 = Debug|Any CPU
		{75CB7A3B-E543-4F78-85A4-4D9365D921B0}.Release|Any CPU.ActiveCfg = Release|Any CPU
		{75CB7A3B-E543-4F78-85A4-4D9365D921B0}.Release|Any CPU.Build.0 = Release|Any CPU
		{96A995F4-4557-4C60-80DB-9518820B06CB}.Debug|Any CPU.ActiveCfg = Debug|Any CPU
		{96A995F4-4557-4C60-80DB-9518820B06CB}.Debug|Any CPU.Build.0 = Debug|Any CPU
		{96A995F4-4557-4C60-80DB-9518820B06CB}.Release|Any CPU.ActiveCfg = Release|Any CPU
		{96A995F4-4557-4C60-80DB-9518820B06CB}.Release|Any CPU.Build.0 = Release|Any CPU
		{9DFBE563-8360-4890-A543-5E414E204064}.Debug|Any CPU.ActiveCfg = Debug|Any CPU
		{9DFBE563-8360-4890-A543-5E414E204064}.Debug|Any CPU.Build.0 = Debug|Any CPU
		{9DFBE563-8360-4890-A543-5E414E204064}.Release|Any CPU.ActiveCfg = Release|Any CPU
		{9DFBE563-8360-4890-A543-5E414E204064}.Release|Any CPU.Build.0 = Release|Any CPU
		{91EB3D4D-1311-4033-BA85-CD5165C6EB17}.Debug|Any CPU.ActiveCfg = Debug|Any CPU
		{91EB3D4D-1311-4033-BA85-CD5165C6EB17}.Debug|Any CPU.Build.0 = Debug|Any CPU
		{91EB3D4D-1311-4033-BA85-CD5165C6EB17}.Release|Any CPU.ActiveCfg = Release|Any CPU
		{91EB3D4D-1311-4033-BA85-CD5165C6EB17}.Release|Any CPU.Build.0 = Release|Any CPU
	EndGlobalSection
	GlobalSection(SolutionProperties) = preSolution
		HideSolutionNode = FALSE
	EndGlobalSection
	GlobalSection(ExtensibilityGlobals) = postSolution
		SolutionGuid = {83BCC6F9-5D36-4ADA-BDA9-A75B0093297B}
	EndGlobalSection
EndGlobal
